
Microsoft Visual Studio Solution File, Format Version 12.00
# Visual Studio Version 16
VisualStudioVersion = 16.0.30523.141
MinimumVisualStudioVersion = 10.0.40219.1
Project("{8BC9CEB8-8B4A-11D0-8D11-00A0C91BC942}") = "Quicksort", "Quicksort.vcxproj", "{E58BDC28-129C-417E-AF05-860AAE372F62}"
EndProject
Project("{8BC9CEB8-8B4A-11D0-8D11-00A0C91BC942}") = "Quicksort-Tests", "..\Quicksort-Tests\Quicksort-Tests.vcxproj", "{12FA0EE9-46FD-47CD-9EF7-300BD1CD532D}"
EndProject
Global
	GlobalSection(SolutionConfigurationPlatforms) = preSolution
		Debug|x64 = Debug|x64
		Debug|x86 = Debug|x86
		Release|x64 = Release|x64
		Release|x86 = Release|x86
	EndGlobalSection
	GlobalSection(ProjectConfigurationPlatforms) = postSolution
		{E58BDC28-129C-417E-AF05-860AAE372F62}.Debug|x64.ActiveCfg = Debug|x64
		{E58BDC28-129C-417E-AF05-860AAE372F62}.Debug|x64.Build.0 = Debug|x64
		{E58BDC28-129C-417E-AF05-860AAE372F62}.Debug|x86.ActiveCfg = Debug|Win32
		{E58BDC28-129C-417E-AF05-860AAE372F62}.Debug|x86.Build.0 = Debug|Win32
		{E58BDC28-129C-417E-AF05-860AAE372F62}.Release|x64.ActiveCfg = Release|x64
		{E58BDC28-129C-417E-AF05-860AAE372F62}.Release|x64.Build.0 = Release|x64
		{E58BDC28-129C-417E-AF05-860AAE372F62}.Release|x86.ActiveCfg = Release|Win32
		{E58BDC28-129C-417E-AF05-860AAE372F62}.Release|x86.Build.0 = Release|Win32
		{12FA0EE9-46FD-47CD-9EF7-300BD1CD532D}.Debug|x64.ActiveCfg = Debug|x64
		{12FA0EE9-46FD-47CD-9EF7-300BD1CD532D}.Debug|x64.Build.0 = Debug|x64
		{12FA0EE9-46FD-47CD-9EF7-300BD1CD532D}.Debug|x86.ActiveCfg = Debug|Win32
		{12FA0EE9-46FD-47CD-9EF7-300BD1CD532D}.Debug|x86.Build.0 = Debug|Win32
		{12FA0EE9-46FD-47CD-9EF7-300BD1CD532D}.Release|x64.ActiveCfg = Release|x64
		{12FA0EE9-46FD-47CD-9EF7-300BD1CD532D}.Release|x64.Build.0 = Release|x64
		{12FA0EE9-46FD-47CD-9EF7-300BD1CD532D}.Release|x86.ActiveCfg = Release|Win32
		{12FA0EE9-46FD-47CD-9EF7-300BD1CD532D}.Release|x86.Build.0 = Release|Win32
	EndGlobalSection
	GlobalSection(SolutionProperties) = preSolution
		HideSolutionNode = FALSE
	EndGlobalSection
	GlobalSection(ExtensibilityGlobals) = postSolution
		SolutionGuid = {DC525680-7F63-4EC4-B988-E711C7FB410F}
	EndGlobalSection
EndGlobal
